
Microsoft Visual Studio Solution File, Format Version 12.00
# Visual Studio Version 16
VisualStudioVersion = 16.0.29418.71
MinimumVisualStudioVersion = 10.0.40219.1
Project("{FAE04EC0-301F-11D3-BF4B-00C04F79EFBC}") = "Coronavirus_App", "Coronavirus_App\Coronavirus_App.csproj", "{E1F80105-AC4E-48EC-915C-AB303CB56E69}"
EndProject
Global
	GlobalSection(SolutionConfigurationPlatforms) = preSolution
		Debug|Any CPU = Debug|Any CPU
		Release|Any CPU = Release|Any CPU
	EndGlobalSection
	GlobalSection(ProjectConfigurationPlatforms) = postSolution
		{E1F80105-AC4E-48EC-915C-AB303CB56E69}.Debug|Any CPU.ActiveCfg = Debug|Any CPU
		{E1F80105-AC4E-48EC-915C-AB303CB56E69}.Debug|Any CPU.Build.0 = Debug|Any CPU
		{E1F80105-AC4E-48EC-915C-AB303CB56E69}.Release|Any CPU.ActiveCfg = Release|Any CPU
		{E1F80105-AC4E-48EC-915C-AB303CB56E69}.Release|Any CPU.Build.0 = Release|Any CPU
	EndGlobalSection
	GlobalSection(SolutionProperties) = preSolution
		HideSolutionNode = FALSE
	EndGlobalSection
	GlobalSection(ExtensibilityGlobals) = postSolution
		SolutionGuid = {D0E20682-05D4-43DF-9565-78E1B3B5C32B}
	EndGlobalSection
EndGlobal
